
Microsoft Visual Studio Solution File, Format Version 12.00
# Visual Studio Version 16
VisualStudioVersion = 16.0.31019.35
MinimumVisualStudioVersion = 10.0.40219.1
Project("{FAE04EC0-301F-11D3-BF4B-00C04F79EFBC}") = "SegmentHeight.UWP", "SegmentHeight\SegmentHeight.UWP\SegmentHeight.UWP.csproj", "{0DC34EE7-3E70-45FC-849A-8715A328386B}"
EndProject
Project("{FAE04EC0-301F-11D3-BF4B-00C04F79EFBC}") = "SegmentHeight.Android", "SegmentHeight\SegmentHeight.Android\SegmentHeight.Android.csproj", "{A36A52F3-F9C5-4944-B8D2-BEDBF192F858}"
EndProject
Project("{FAE04EC0-301F-11D3-BF4B-00C04F79EFBC}") = "SegmentHeight.iOS", "SegmentHeight\SegmentHeight.iOS\SegmentHeight.iOS.csproj", "{A1F14052-087E-4CCC-A081-C52370D0AB80}"
EndProject
Project("{FAE04EC0-301F-11D3-BF4B-00C04F79EFBC}") = "SegmentHeight", "SegmentHeight\SegmentHeight\SegmentHeight.csproj", "{2062935D-43C4-446F-91A2-28C8D7A38338}"
EndProject
Global
	GlobalSection(SolutionConfigurationPlatforms) = preSolution
		Debug|Any CPU = Debug|Any CPU
		Debug|ARM = Debug|ARM
		Debug|iPhone = Debug|iPhone
		Debug|iPhoneSimulator = Debug|iPhoneSimulator
		Debug|x64 = Debug|x64
		Debug|x86 = Debug|x86
		Release|Any CPU = Release|Any CPU
		Release|ARM = Release|ARM
		Release|iPhone = Release|iPhone
		Release|iPhoneSimulator = Release|iPhoneSimulator
		Release|x64 = Release|x64
		Release|x86 = Release|x86
	EndGlobalSection
	GlobalSection(ProjectConfigurationPlatforms) = postSolution
		{0DC34EE7-3E70-45FC-849A-8715A328386B}.Debug|Any CPU.ActiveCfg = Debug|x86
		{0DC34EE7-3E70-45FC-849A-8715A328386B}.Debug|Any CPU.Build.0 = Debug|x86
		{0DC34EE7-3E70-45FC-849A-8715A328386B}.Debug|Any CPU.Deploy.0 = Debug|x86
		{0DC34EE7-3E70-45FC-849A-8715A328386B}.Debug|ARM.ActiveCfg = Debug|ARM
		{0DC34EE7-3E70-45FC-849A-8715A328386B}.Debug|ARM.Build.0 = Debug|ARM
		{0DC34EE7-3E70-45FC-849A-8715A328386B}.Debug|ARM.Deploy.0 = Debug|ARM
		{0DC34EE7-3E70-45FC-849A-8715A328386B}.Debug|iPhone.ActiveCfg = Debug|x86
		{0DC34EE7-3E70-45FC-849A-8715A328386B}.Debug|iPhone.Build.0 = Debug|x86
		{0DC34EE7-3E70-45FC-849A-8715A328386B}.Debug|iPhone.Deploy.0 = Debug|x86
		{0DC34EE7-3E70-45FC-849A-8715A328386B}.Debug|iPhoneSimulator.ActiveCfg = Debug|x86
		{0DC34EE7-3E70-45FC-849A-8715A328386B}.Debug|iPhoneSimulator.Build.0 = Debug|x86
		{0DC34EE7-3E70-45FC-849A-8715A328386B}.Debug|iPhoneSimulator.Deploy.0 = Debug|x86
		{0DC34EE7-3E70-45FC-849A-8715A328386B}.Debug|x64.ActiveCfg = Debug|x64
		{0DC34EE7-3E70-45FC-849A-8715A328386B}.Debug|x64.Build.0 = Debug|x64
		{0DC34EE7-3E70-45FC-849A-8715A328386B}.Debug|x64.Deploy.0 = Debug|x64
		{0DC34EE7-3E70-45FC-849A-8715A328386B}.Debug|x86.ActiveCfg = Debug|x86
		{0DC34EE7-3E70-45FC-849A-8715A328386B}.Debug|x86.Build.0 = Debug|x86
		{0DC34EE7-3E70-45FC-849A-8715A328386B}.Debug|x86.Deploy.0 = Debug|x86
		{0DC34EE7-3E70-45FC-849A-8715A328386B}.Release|Any CPU.ActiveCfg = Release|x86
		{0DC34EE7-3E70-45FC-849A-8715A328386B}.Release|Any CPU.Build.0 = Release|x86
		{0DC34EE7-3E70-45FC-849A-8715A328386B}.Release|Any CPU.Deploy.0 = Release|x86
		{0DC34EE7-3E70-45FC-849A-8715A328386B}.Release|ARM.ActiveCfg = Release|ARM
		{0DC34EE7-3E70-45FC-849A-8715A328386B}.Release|ARM.Build.0 = Release|ARM
		{0DC34EE7-3E70-45FC-849A-8715A328386B}.Release|ARM.Deploy.0 = Release|ARM
		{0DC34EE7-3E70-45FC-849A-8715A328386B}.Release|iPhone.ActiveCfg = Release|x86
		{0DC34EE7-3E70-45FC-849A-8715A328386B}.Release|iPhone.Build.0 = Release|x86
		{0DC34EE7-3E70-45FC-849A-8715A328386B}.Release|iPhone.Deploy.0 = Release|x86
		{0DC34EE7-3E70-45FC-849A-8715A328386B}.Release|iPhoneSimulator.ActiveCfg = Release|x86
		{0DC34EE7-3E70-45FC-849A-8715A328386B}.Release|iPhoneSimulator.Build.0 = Release|x86
		{0DC34EE7-3E70-45FC-849A-8715A328386B}.Release|iPhoneSimulator.Deploy.0 = Release|x86
		{0DC34EE7-3E70-45FC-849A-8715A328386B}.Release|x64.ActiveCfg = Release|x64
		{0DC34EE7-3E70-45FC-849A-8715A328386B}.Release|x64.Build.0 = Release|x64
		{0DC34EE7-3E70-45FC-849A-8715A328386B}.Release|x64.Deploy.0 = Release|x64
		{0DC34EE7-3E70-45FC-849A-8715A328386B}.Release|x86.ActiveCfg = Release|x86
		{0DC34EE7-3E70-45FC-849A-8715A328386B}.Release|x86.Build.0 = Release|x86
		{0DC34EE7-3E70-45FC-849A-8715A328386B}.Release|x86.Deploy.0 = Release|x86
		{A36A52F3-F9C5-4944-B8D2-BEDBF192F858}.Debug|Any CPU.ActiveCfg = Debug|Any CPU
		{A36A52F3-F9C5-4944-B8D2-BEDBF192F858}.Debug|Any CPU.Build.0 = Debug|Any CPU
		{A36A52F3-F9C5-4944-B8D2-BEDBF192F858}.Debug|Any CPU.Deploy.0 = Debug|Any CPU
		{A36A52F3-F9C5-4944-B8D2-BEDBF192F858}.Debug|ARM.ActiveCfg = Debug|Any CPU
		{A36A52F3-F9C5-4944-B8D2-BEDBF192F858}.Debug|ARM.Build.0 = Debug|Any CPU
		{A36A52F3-F9C5-4944-B8D2-BEDBF192F858}.Debug|ARM.Deploy.0 = Debug|Any CPU
		{A36A52F3-F9C5-4944-B8D2-BEDBF192F858}.Debug|iPhone.ActiveCfg = Debug|Any CPU
		{A36A52F3-F9C5-4944-B8D2-BEDBF192F858}.Debug|iPhone.Build.0 = Debug|Any CPU
		{A36A52F3-F9C5-4944-B8D2-BEDBF192F858}.Debug|iPhone.Deploy.0 = Debug|Any CPU
		{A36A52F3-F9C5-4944-B8D2-BEDBF192F858}.Debug|iPhoneSimulator.ActiveCfg = Debug|Any CPU
		{A36A52F3-F9C5-4944-B8D2-BEDBF192F858}.Debug|iPhoneSimulator.Build.0 = Debug|Any CPU
		{A36A52F3-F9C5-4944-B8D2-BEDBF192F858}.Debug|iPhoneSimulator.Deploy.0 = Debug|Any CPU
		{A36A52F3-F9C5-4944-B8D2-BEDBF192F858}.Debug|x64.ActiveCfg = Debug|Any CPU
		{A36A52F3-F9C5-4944-B8D2-BEDBF192F858}.Debug|x64.Build.0 = Debug|Any CPU
		{A36A52F3-F9C5-4944-B8D2-BEDBF192F858}.Debug|x64.Deploy.0 = Debug|Any CPU
		{A36A52F3-F9C5-4944-B8D2-BEDBF192F858}.Debug|x86.ActiveCfg = Debug|Any CPU
		{A36A52F3-F9C5-4944-B8D2-BEDBF192F858}.Debug|x86.Build.0 = Debug|Any CPU
		{A36A52F3-F9C5-4944-B8D2-BEDBF192F858}.Debug|x86.Deploy.0 = Debug|Any CPU
		{A36A52F3-F9C5-4944-B8D2-BEDBF192F858}.Release|Any CPU.ActiveCfg = Release|Any CPU
		{A36A52F3-F9C5-4944-B8D2-BEDBF192F858}.Release|Any CPU.Build.0 = Release|Any CPU
		{A36A52F3-F9C5-4944-B8D2-BEDBF192F858}.Release|Any CPU.Deploy.0 = Release|Any CPU
		{A36A52F3-F9C5-4944-B8D2-BEDBF192F858}.Release|ARM.ActiveCfg = Release|Any CPU
		{A36A52F3-F9C5-4944-B8D2-BEDBF192F858}.Release|ARM.Build.0 = Release|Any CPU
		{A36A52F3-F9C5-4944-B8D2-BEDBF192F858}.Release|ARM.Deploy.0 = Release|Any CPU
		{A36A52F3-F9C5-4944-B8D2-BEDBF192F858}.Release|iPhone.ActiveCfg = Release|Any CPU
		{A36A52F3-F9C5-4944-B8D2-BEDBF192F858}.Release|iPhone.Build.0 = Release|Any CPU
		{A36A52F3-F9C5-4944-B8D2-BEDBF192F858}.Release|iPhone.Deploy.0 = Release|Any CPU
		{A36A52F3-F9C5-4944-B8D2-BEDBF192F858}.Release|iPhoneSimulator.ActiveCfg = Release|Any CPU
		{A36A52F3-F9C5-4944-B8D2-BEDBF192F858}.Release|iPhoneSimulator.Build.0 = Release|Any CPU
		{A36A52F3-F9C5-4944-B8D2-BEDBF192F858}.Release|iPhoneSimulator.Deploy.0 = Release|Any CPU
		{A36A52F3-F9C5-4944-B8D2-BEDBF192F858}.Release|x64.ActiveCfg = Release|Any CPU
		{A36A52F3-F9C5-4944-B8D2-BEDBF192F858}.Release|x64.Build.0 = Release|Any CPU
		{A36A52F3-F9C5-4944-B8D2-BEDBF192F858}.Release|x64.Deploy.0 = Release|Any CPU
		{A36A52F3-F9C5-4944-B8D2-BEDBF192F858}.Release|x86.ActiveCfg = Release|Any CPU
		{A36A52F3-F9C5-4944-B8D2-BEDBF192F858}.Release|x86.Build.0 = Release|Any CPU
		{A36A52F3-F9C5-4944-B8D2-BEDBF192F858}.Release|x86.Deploy.0 = Release|Any CPU
		{A1F14052-087E-4CCC-A081-C52370D0AB80}.Debug|Any CPU.ActiveCfg = Debug|iPhoneSimulator
		{A1F14052-087E-4CCC-A081-C52370D0AB80}.Debug|Any CPU.Build.0 = Debug|iPhoneSimulator
		{A1F14052-087E-4CCC-A081-C52370D0AB80}.Debug|Any CPU.Deploy.0 = Debug|iPhoneSimulator
		{A1F14052-087E-4CCC-A081-C52370D0AB80}.Debug|ARM.ActiveCfg = Debug|iPhone
		{A1F14052-087E-4CCC-A081-C52370D0AB80}.Debug|ARM.Build.0 = Debug|iPhone
		{A1F14052-087E-4CCC-A081-C52370D0AB80}.Debug|ARM.Deploy.0 = Debug|iPhone
		{A1F14052-087E-4CCC-A081-C52370D0AB80}.Debug|iPhone.ActiveCfg = Debug|iPhone
		{A1F14052-087E-4CCC-A081-C52370D0AB80}.Debug|iPhone.Build.0 = Debug|iPhone
		{A1F14052-087E-4CCC-A081-C52370D0AB80}.Debug|iPhone.Deploy.0 = Debug|iPhone
		{A1F14052-087E-4CCC-A081-C52370D0AB80}.Debug|iPhoneSimulator.ActiveCfg = Debug|iPhoneSimulator
		{A1F14052-087E-4CCC-A081-C52370D0AB80}.Debug|iPhoneSimulator.Build.0 = Debug|iPhoneSimulator
		{A1F14052-087E-4CCC-A081-C52370D0AB80}.Debug|iPhoneSimulator.Deploy.0 = Debug|iPhoneSimulator
		{A1F14052-087E-4CCC-A081-C52370D0AB80}.Debug|x64.ActiveCfg = Debug|iPhoneSimulator
		{A1F14052-087E-4CCC-A081-C52370D0AB80}.Debug|x64.Build.0 = Debug|iPhoneSimulator
		{A1F14052-087E-4CCC-A081-C52370D0AB80}.Debug|x64.Deploy.0 = Debug|iPhoneSimulator
		{A1F14052-087E-4CCC-A081-C52370D0AB80}.Debug|x86.ActiveCfg = Debug|iPhoneSimulator
		{A1F14052-087E-4CCC-A081-C52370D0AB80}.Debug|x86.Build.0 = Debug|iPhoneSimulator
		{A1F14052-087E-4CCC-A081-C52370D0AB80}.Debug|x86.Deploy.0 = Debug|iPhoneSimulator
		{A1F14052-087E-4CCC-A081-C52370D0AB80}.Release|Any CPU.ActiveCfg = Release|iPhoneSimulator
		{A1F14052-087E-4CCC-A081-C52370D0AB80}.Release|Any CPU.Build.0 = Release|iPhoneSimulator
		{A1F14052-087E-4CCC-A081-C52370D0AB80}.Release|Any CPU.Deploy.0 = Release|iPhoneSimulator
		{A1F14052-087E-4CCC-A081-C52370D0AB80}.Release|ARM.ActiveCfg = Release|iPhoneSimulator
		{A1F14052-087E-4CCC-A081-C52370D0AB80}.Release|ARM.Build.0 = Release|iPhoneSimulator
		{A1F14052-087E-4CCC-A081-C52370D0AB80}.Release|ARM.Deploy.0 = Release|iPhoneSimulator
		{A1F14052-087E-4CCC-A081-C52370D0AB80}.Release|iPhone.ActiveCfg = Release|iPhone
		{A1F14052-087E-4CCC-A081-C52370D0AB80}.Release|iPhone.Build.0 = Release|iPhone
		{A1F14052-087E-4CCC-A081-C52370D0AB80}.Release|iPhone.Deploy.0 = Release|iPhone
		{A1F14052-087E-4CCC-A081-C52370D0AB80}.Release|iPhoneSimulator.ActiveCfg = Release|iPhoneSimulator
		{A1F14052-087E-4CCC-A081-C52370D0AB80}.Release|iPhoneSimulator.Build.0 = Release|iPhoneSimulator
		{A1F14052-087E-4CCC-A081-C52370D0AB80}.Release|iPhoneSimulator.Deploy.0 = Release|iPhoneSimulator
		{A1F14052-087E-4CCC-A081-C52370D0AB80}.Release|x64.ActiveCfg = Release|iPhoneSimulator
		{A1F14052-087E-4CCC-A081-C52370D0AB80}.Release|x64.Build.0 = Release|iPhoneSimulator
		{A1F14052-087E-4CCC-A081-C52370D0AB80}.Release|x64.Deploy.0 = Release|iPhoneSimulator
		{A1F14052-087E-4CCC-A081-C52370D0AB80}.Release|x86.ActiveCfg = Release|iPhoneSimulator
		{A1F14052-087E-4CCC-A081-C52370D0AB80}.Release|x86.Build.0 = Release|iPhoneSimulator
		{A1F14052-087E-4CCC-A081-C52370D0AB80}.Release|x86.Deploy.0 = Release|iPhoneSimulator
		{2062935D-43C4-446F-91A2-28C8D7A38338}.Debug|Any CPU.ActiveCfg = Debug|Any CPU
		{2062935D-43C4-446F-91A2-28C8D7A38338}.Debug|Any CPU.Build.0 = Debug|Any CPU
		{2062935D-43C4-446F-91A2-28C8D7A38338}.Debug|Any CPU.Deploy.0 = Debug|Any CPU
		{2062935D-43C4-446F-91A2-28C8D7A38338}.Debug|ARM.ActiveCfg = Debug|Any CPU
		{2062935D-43C4-446F-91A2-28C8D7A38338}.Debug|ARM.Build.0 = Debug|Any CPU
		{2062935D-43C4-446F-91A2-28C8D7A38338}.Debug|ARM.Deploy.0 = Debug|Any CPU
		{2062935D-43C4-446F-91A2-28C8D7A38338}.Debug|iPhone.ActiveCfg = Debug|Any CPU
		{2062935D-43C4-446F-91A2-28C8D7A38338}.Debug|iPhone.Build.0 = Debug|Any CPU
		{2062935D-43C4-446F-91A2-28C8D7A38338}.Debug|iPhone.Deploy.0 = Debug|Any CPU
		{2062935D-43C4-446F-91A2-28C8D7A38338}.Debug|iPhoneSimulator.ActiveCfg = Debug|Any CPU
		{2062935D-43C4-446F-91A2-28C8D7A38338}.Debug|iPhoneSimulator.Build.0 = Debug|Any CPU
		{2062935D-43C4-446F-91A2-28C8D7A38338}.Debug|iPhoneSimulator.Deploy.0 = Debug|Any CPU
		{2062935D-43C4-446F-91A2-28C8D7A38338}.Debug|x64.ActiveCfg = Debug|Any CPU
		{2062935D-43C4-446F-91A2-28C8D7A38338}.Debug|x64.Build.0 = Debug|Any CPU
		{2062935D-43C4-446F-91A2-28C8D7A38338}.Debug|x64.Deploy.0 = Debug|Any CPU
		{2062935D-43C4-446F-91A2-28C8D7A38338}.Debug|x86.ActiveCfg = Debug|Any CPU
		{2062935D-43C4-446F-91A2-28C8D7A38338}.Debug|x86.Build.0 = Debug|Any CPU
		{2062935D-43C4-446F-91A2-28C8D7A38338}.Debug|x86.Deploy.0 = Debug|Any CPU
		{2062935D-43C4-446F-91A2-28C8D7A38338}.Release|Any CPU.ActiveCfg = Release|Any CPU
		{2062935D-43C4-446F-91A2-28C8D7A38338}.Release|Any CPU.Build.0 = Release|Any CPU
		{2062935D-43C4-446F-91A2-28C8D7A38338}.Release|Any CPU.Deploy.0 = Release|Any CPU
		{2062935D-43C4-446F-91A2-28C8D7A38338}.Release|ARM.ActiveCfg = Release|Any CPU
		{2062935D-43C4-446F-91A2-28C8D7A38338}.Release|ARM.Build.0 = Release|Any CPU
		{2062935D-43C4-446F-91A2-28C8D7A38338}.Release|ARM.Deploy.0 = Release|Any CPU
		{2062935D-43C4-446F-91A2-28C8D7A38338}.Release|iPhone.ActiveCfg = Release|Any CPU
		{2062935D-43C4-446F-91A2-28C8D7A38338}.Release|iPhone.Build.0 = Release|Any CPU
		{2062935D-43C4-446F-91A2-28C8D7A38338}.Release|iPhone.Deploy.0 = Release|Any CPU
		{2062935D-43C4-446F-91A2-28C8D7A38338}.Release|iPhoneSimulator.ActiveCfg = Release|Any CPU
		{2062935D-43C4-446F-91A2-28C8D7A38338}.Release|iPhoneSimulator.Build.0 = Release|Any CPU
		{2062935D-43C4-446F-91A2-28C8D7A38338}.Release|iPhoneSimulator.Deploy.0 = Release|Any CPU
		{2062935D-43C4-446F-91A2-28C8D7A38338}.Release|x64.ActiveCfg = Release|Any CPU
		{2062935D-43C4-446F-91A2-28C8D7A38338}.Release|x64.Build.0 = Release|Any CPU
		{2062935D-43C4-446F-91A2-28C8D7A38338}.Release|x64.Deploy.0 = Release|Any CPU
		{2062935D-43C4-446F-91A2-28C8D7A38338}.Release|x86.ActiveCfg = Release|Any CPU
		{2062935D-43C4-446F-91A2-28C8D7A38338}.Release|x86.Build.0 = Release|Any CPU
		{2062935D-43C4-446F-91A2-28C8D7A38338}.Release|x86.Deploy.0 = Release|Any CPU
	EndGlobalSection
	GlobalSection(SolutionProperties) = preSolution
		HideSolutionNode = FALSE
	EndGlobalSection
	GlobalSection(ExtensibilityGlobals) = postSolution
		SolutionGuid = {7EC88065-033B-4175-9B81-27E114F953A0}
	EndGlobalSection
EndGlobal
